
Microsoft Visual Studio Solution File, Format Version 12.00
# Visual Studio 15
VisualStudioVersion = 15.0.28307.572
MinimumVisualStudioVersion = 10.0.40219.1
Project("{2150E333-8FDC-42A3-9474-1A3956D46DE8}") = "Creation", "Creation", "{84180FA8-8B80-48DD-97E9-C96D6D740343}"
EndProject
Project("{2150E333-8FDC-42A3-9474-1A3956D46DE8}") = "Structural", "Structural", "{6E2FA2C6-1701-4C6A-9405-0A522B90122B}"
EndProject
Project("{2150E333-8FDC-42A3-9474-1A3956D46DE8}") = "Behavioral", "Behavioral", "{9A65B77D-3F79-4DAF-ACE5-A4E663811613}"
EndProject
Project("{2150E333-8FDC-42A3-9474-1A3956D46DE8}") = "SimpleFactory-简单工厂模式", "SimpleFactory-简单工厂模式", "{0AA902CC-CA50-4209-AB25-85E060B10214}"
EndProject
Project("{2150E333-8FDC-42A3-9474-1A3956D46DE8}") = "FactoryMethod-工厂方法模式", "FactoryMethod-工厂方法模式", "{E2691987-72A7-44A6-AD1B-D233F949E4E3}"
EndProject
Project("{2150E333-8FDC-42A3-9474-1A3956D46DE8}") = "AbstractFactory-抽象工厂模式", "AbstractFactory-抽象工厂模式", "{673DA92B-7EA0-428B-81E5-6FBFCC1DAED9}"
EndProject
Project("{2150E333-8FDC-42A3-9474-1A3956D46DE8}") = "UML", "UML", "{AA07BBB0-0BB8-46D2-8C97-F621787131FD}"
EndProject
Project("{2150E333-8FDC-42A3-9474-1A3956D46DE8}") = "Builder-建造者模式", "Builder-建造者模式", "{9E16E187-293E-4B1A-A818-4FC76645E335}"
EndProject
Project("{2150E333-8FDC-42A3-9474-1A3956D46DE8}") = "Prototype-原型模式", "Prototype-原型模式", "{86680C89-6E42-4679-B3E3-48151C7EC8EA}"
EndProject
Project("{2150E333-8FDC-42A3-9474-1A3956D46DE8}") = "Singleton-单例模式", "Singleton-单例模式", "{B2FE726D-CD1C-4549-A6DB-C40794D36E17}"
EndProject
Project("{2150E333-8FDC-42A3-9474-1A3956D46DE8}") = "Adapter-适配器模式", "Adapter-适配器模式", "{5D85768D-8B6C-4E3A-BA9E-BFAEF676D310}"
EndProject
Project("{2150E333-8FDC-42A3-9474-1A3956D46DE8}") = "Bridge-桥接模式", "Bridge-桥接模式", "{265DF080-455A-4190-A158-3ADB90AC0017}"
EndProject
Project("{2150E333-8FDC-42A3-9474-1A3956D46DE8}") = "Composite-组合模式", "Composite-组合模式", "{8EBB67B2-C527-4ED2-85B6-45281D33020F}"
EndProject
Project("{2150E333-8FDC-42A3-9474-1A3956D46DE8}") = "Decorator-装饰者模式", "Decorator-装饰者模式", "{344D46C8-3054-4BF3-85B7-566219F11497}"
EndProject
Project("{2150E333-8FDC-42A3-9474-1A3956D46DE8}") = "Facade-外观模式", "Facade-外观模式", "{4AFDABE4-43E3-4D26-ADBF-3185B4BDC6D7}"
EndProject
Project("{2150E333-8FDC-42A3-9474-1A3956D46DE8}") = "Flyweight-享元模式", "Flyweight-享元模式", "{9F141B7B-98BB-4A15-92DB-6079601EA83E}"
EndProject
Project("{2150E333-8FDC-42A3-9474-1A3956D46DE8}") = "Proxy-代理模式", "Proxy-代理模式", "{AC30058B-27E1-4A4F-AC2E-A45E2BDDB1D0}"
EndProject
Project("{2150E333-8FDC-42A3-9474-1A3956D46DE8}") = "Observer-观察者模式", "Observer-观察者模式", "{3A1A75A7-D05C-4712-AA8E-9252E336B608}"
EndProject
Project("{2150E333-8FDC-42A3-9474-1A3956D46DE8}") = "TemplateMethod-模版方法模式", "TemplateMethod-模版方法模式", "{8E2EDBD5-646F-49B8-89AD-5E7B5712D315}"
EndProject
Project("{2150E333-8FDC-42A3-9474-1A3956D46DE8}") = "Command-命令模式", "Command-命令模式", "{74575629-E567-4610-9431-ECF85E8449B2}"
EndProject
Project("{2150E333-8FDC-42A3-9474-1A3956D46DE8}") = "State-状态模式", "State-状态模式", "{4D5895B8-49D5-4018-8BE5-1FBD8BE13E46}"
EndProject
Project("{2150E333-8FDC-42A3-9474-1A3956D46DE8}") = "ChainOfResponsibility-职责链模式", "ChainOfResponsibility-职责链模式", "{C24C0A49-D489-427F-B8B3-0682099F5F0B}"
EndProject
Project("{2150E333-8FDC-42A3-9474-1A3956D46DE8}") = "Interpreter-解释器模式", "Interpreter-解释器模式", "{F5FB4020-DDFC-4546-A832-26133D6DBBCF}"
EndProject
Project("{2150E333-8FDC-42A3-9474-1A3956D46DE8}") = "Mediator-中间者模式", "Mediator-中间者模式", "{B9464151-162B-4089-8115-C60A1BE7C93A}"
EndProject
Project("{2150E333-8FDC-42A3-9474-1A3956D46DE8}") = "Visitor-访问者模式", "Visitor-访问者模式", "{F476FD4A-B427-4AB0-B998-BAAB9FE1CF8E}"
EndProject
Project("{2150E333-8FDC-42A3-9474-1A3956D46DE8}") = "Strategy-策略模式", "Strategy-策略模式", "{B49FC85D-3904-4458-8184-91DC5B1602A0}"
EndProject
Project("{2150E333-8FDC-42A3-9474-1A3956D46DE8}") = "Iterator-迭代器模式", "Iterator-迭代器模式", "{22FE4DB9-7F07-4205-8D01-B5EB6E17CD1A}"
EndProject
Project("{2150E333-8FDC-42A3-9474-1A3956D46DE8}") = "Memento-备忘录模式", "Memento-备忘录模式", "{86354986-709B-4D7C-8ED6-1EB3DB039FD5}"
EndProject
Project("{FAE04EC0-301F-11D3-BF4B-00C04F79EFBC}") = "Flyweight", "Structural\Flyweight\Flyweight.csproj", "{1E501CC1-4C8B-4BB1-AC1D-A793022750AA}"
EndProject
Project("{2150E333-8FDC-42A3-9474-1A3956D46DE8}") = "UnitTest", "UnitTest", "{23473131-0CEF-4548-AC1E-C9163F90D94A}"
EndProject
Project("{FAE04EC0-301F-11D3-BF4B-00C04F79EFBC}") = "tests", "UnitTest\tests\tests.csproj", "{E327F6C9-455C-4576-9E57-A9C9F4120DEF}"
EndProject
Global
	GlobalSection(SolutionConfigurationPlatforms) = preSolution
		Debug|Any CPU = Debug|Any CPU
		Release|Any CPU = Release|Any CPU
	EndGlobalSection
	GlobalSection(ProjectConfigurationPlatforms) = postSolution
		{1E501CC1-4C8B-4BB1-AC1D-A793022750AA}.Debug|Any CPU.ActiveCfg = Debug|Any CPU
		{1E501CC1-4C8B-4BB1-AC1D-A793022750AA}.Debug|Any CPU.Build.0 = Debug|Any CPU
		{1E501CC1-4C8B-4BB1-AC1D-A793022750AA}.Release|Any CPU.ActiveCfg = Release|Any CPU
		{1E501CC1-4C8B-4BB1-AC1D-A793022750AA}.Release|Any CPU.Build.0 = Release|Any CPU
		{E327F6C9-455C-4576-9E57-A9C9F4120DEF}.Debug|Any CPU.ActiveCfg = Debug|Any CPU
		{E327F6C9-455C-4576-9E57-A9C9F4120DEF}.Debug|Any CPU.Build.0 = Debug|Any CPU
		{E327F6C9-455C-4576-9E57-A9C9F4120DEF}.Release|Any CPU.ActiveCfg = Release|Any CPU
		{E327F6C9-455C-4576-9E57-A9C9F4120DEF}.Release|Any CPU.Build.0 = Release|Any CPU
	EndGlobalSection
	GlobalSection(SolutionProperties) = preSolution
		HideSolutionNode = FALSE
	EndGlobalSection
	GlobalSection(NestedProjects) = preSolution
		{0AA902CC-CA50-4209-AB25-85E060B10214} = {84180FA8-8B80-48DD-97E9-C96D6D740343}
		{E2691987-72A7-44A6-AD1B-D233F949E4E3} = {84180FA8-8B80-48DD-97E9-C96D6D740343}
		{673DA92B-7EA0-428B-81E5-6FBFCC1DAED9} = {84180FA8-8B80-48DD-97E9-C96D6D740343}
		{9E16E187-293E-4B1A-A818-4FC76645E335} = {84180FA8-8B80-48DD-97E9-C96D6D740343}
		{86680C89-6E42-4679-B3E3-48151C7EC8EA} = {84180FA8-8B80-48DD-97E9-C96D6D740343}
		{B2FE726D-CD1C-4549-A6DB-C40794D36E17} = {84180FA8-8B80-48DD-97E9-C96D6D740343}
		{5D85768D-8B6C-4E3A-BA9E-BFAEF676D310} = {6E2FA2C6-1701-4C6A-9405-0A522B90122B}
		{265DF080-455A-4190-A158-3ADB90AC0017} = {6E2FA2C6-1701-4C6A-9405-0A522B90122B}
		{8EBB67B2-C527-4ED2-85B6-45281D33020F} = {6E2FA2C6-1701-4C6A-9405-0A522B90122B}
		{344D46C8-3054-4BF3-85B7-566219F11497} = {6E2FA2C6-1701-4C6A-9405-0A522B90122B}
		{4AFDABE4-43E3-4D26-ADBF-3185B4BDC6D7} = {6E2FA2C6-1701-4C6A-9405-0A522B90122B}
		{9F141B7B-98BB-4A15-92DB-6079601EA83E} = {6E2FA2C6-1701-4C6A-9405-0A522B90122B}
		{AC30058B-27E1-4A4F-AC2E-A45E2BDDB1D0} = {6E2FA2C6-1701-4C6A-9405-0A522B90122B}
		{3A1A75A7-D05C-4712-AA8E-9252E336B608} = {9A65B77D-3F79-4DAF-ACE5-A4E663811613}
		{8E2EDBD5-646F-49B8-89AD-5E7B5712D315} = {9A65B77D-3F79-4DAF-ACE5-A4E663811613}
		{74575629-E567-4610-9431-ECF85E8449B2} = {9A65B77D-3F79-4DAF-ACE5-A4E663811613}
		{4D5895B8-49D5-4018-8BE5-1FBD8BE13E46} = {9A65B77D-3F79-4DAF-ACE5-A4E663811613}
		{C24C0A49-D489-427F-B8B3-0682099F5F0B} = {9A65B77D-3F79-4DAF-ACE5-A4E663811613}
		{F5FB4020-DDFC-4546-A832-26133D6DBBCF} = {9A65B77D-3F79-4DAF-ACE5-A4E663811613}
		{B9464151-162B-4089-8115-C60A1BE7C93A} = {9A65B77D-3F79-4DAF-ACE5-A4E663811613}
		{F476FD4A-B427-4AB0-B998-BAAB9FE1CF8E} = {9A65B77D-3F79-4DAF-ACE5-A4E663811613}
		{B49FC85D-3904-4458-8184-91DC5B1602A0} = {9A65B77D-3F79-4DAF-ACE5-A4E663811613}
		{22FE4DB9-7F07-4205-8D01-B5EB6E17CD1A} = {9A65B77D-3F79-4DAF-ACE5-A4E663811613}
		{86354986-709B-4D7C-8ED6-1EB3DB039FD5} = {9A65B77D-3F79-4DAF-ACE5-A4E663811613}
		{1E501CC1-4C8B-4BB1-AC1D-A793022750AA} = {9F141B7B-98BB-4A15-92DB-6079601EA83E}
		{E327F6C9-455C-4576-9E57-A9C9F4120DEF} = {23473131-0CEF-4548-AC1E-C9163F90D94A}
	EndGlobalSection
	GlobalSection(ExtensibilityGlobals) = postSolution
		SolutionGuid = {810923DD-F5CF-496D-A87B-7F620B1922D0}
	EndGlobalSection
EndGlobal
